{
  "version": 4,
  "terraform_version": "1.9.8",
  "serial": 4,
  "lineage": "2970c768-26cd-f070-6de4-4f112273a987",
  "outputs": {
    "ec2_security_group_id": {
      "value": "sg-0b7405bdd99fdbb6d",
      "type": "string"
    }
  },
  "resources": [
    {
      "mode": "managed",
      "type": "aws_key_pair",
      "name": "deployer",
      "provider": "provider[\"registry.terraform.io/hashicorp/aws\"]",
      "instances": [
        {
          "schema_version": 1,
          "attributes": {
            "arn": "arn:aws:ec2:us-east-2:752289230899:key-pair/staging-deployer-key",
            "fingerprint": "ts4Yu4Bb8hQ8pPC5LUQ8UUOSYGUlP8LmEFtgml7gBTE=",
            "id": "staging-deployer-key",
            "key_name": "staging-deployer-key",
            "key_name_prefix": "",
            "key_pair_id": "key-0a810f254180554f8",
            "key_type": "ed25519",
            "public_key": "ssh-ed25519 AAAAC3NzaC1lZDI1NTE5AAAAIK1W/1esBSxjnbt5ezWFNEy4ilRYM5EYAPHtimjoUQoW patocardo@gmail.com",
            "tags": null,
            "tags_all": {}
          },
          "sensitive_attributes": [],
          "private": "eyJzY2hlbWFfdmVyc2lvbiI6IjEifQ=="
        }
      ]
    },
    {
      "mode": "managed",
      "type": "aws_security_group",
      "name": "allow_ssh",
      "provider": "provider[\"registry.terraform.io/hashicorp/aws\"]",
      "instances": [
        {
          "schema_version": 1,
          "attributes": {
            "arn": "arn:aws:ec2:us-east-2:752289230899:security-group/sg-0b7405bdd99fdbb6d",
            "description": "Allow SSH inbound traffic",
            "egress": [
              {
                "cidr_blocks": [
                  "0.0.0.0/0"
                ],
                "description": "",
                "from_port": 0,
                "ipv6_cidr_blocks": [],
                "prefix_list_ids": [],
                "protocol": "-1",
                "security_groups": [],
                "self": false,
                "to_port": 0
              }
            ],
            "id": "sg-0b7405bdd99fdbb6d",
            "ingress": [
              {
                "cidr_blocks": [
                  "0.0.0.0/0"
                ],
                "description": "",
                "from_port": 22,
                "ipv6_cidr_blocks": [],
                "prefix_list_ids": [],
                "protocol": "tcp",
                "security_groups": [],
                "self": false,
                "to_port": 22
              }
            ],
            "name": "staging-allow-ssh",
            "name_prefix": "",
            "owner_id": "752289230899",
            "revoke_rules_on_delete": false,
            "tags": {
              "Name": "staging-allow-ssh"
            },
            "tags_all": {
              "Name": "staging-allow-ssh"
            },
            "timeouts": null,
            "vpc_id": "vpc-059a9c5d86e533be4"
          },
          "sensitive_attributes": [],
          "private": "eyJlMmJmYjczMC1lY2FhLTExZTYtOGY4OC0zNDM2M2JjN2M0YzAiOnsiY3JlYXRlIjo2MDAwMDAwMDAwMDAsImRlbGV0ZSI6OTAwMDAwMDAwMDAwfSwic2NoZW1hX3ZlcnNpb24iOiIxIn0="
        }
      ]
    }
  ],
  "check_results": null
}
